
Microsoft Visual Studio Solution File, Format Version 12.00
# Visual Studio Version 17
VisualStudioVersion = 17.9.34723.18
MinimumVisualStudioVersion = 10.0.40219.1
Project("{FAE04EC0-301F-11D3-BF4B-00C04F79EFBC}") = "MultiplasOpcoes", "MultiplasOpcoes\MultiplasOpcoes.csproj", "{1C8C40EE-CE1B-4550-BD29-87CFEA23E79C}"
EndProject
Global
	GlobalSection(SolutionConfigurationPlatforms) = preSolution
		Debug|Any CPU = Debug|Any CPU
		Release|Any CPU = Release|Any CPU
	EndGlobalSection
	GlobalSection(ProjectConfigurationPlatforms) = postSolution
		{1C8C40EE-CE1B-4550-BD29-87CFEA23E79C}.Debug|Any CPU.ActiveCfg = Debug|Any CPU
		{1C8C40EE-CE1B-4550-BD29-87CFEA23E79C}.Debug|Any CPU.Build.0 = Debug|Any CPU
		{1C8C40EE-CE1B-4550-BD29-87CFEA23E79C}.Release|Any CPU.ActiveCfg = Release|Any CPU
		{1C8C40EE-CE1B-4550-BD29-87CFEA23E79C}.Release|Any CPU.Build.0 = Release|Any CPU
	EndGlobalSection
	GlobalSection(SolutionProperties) = preSolution
		HideSolutionNode = FALSE
	EndGlobalSection
	GlobalSection(ExtensibilityGlobals) = postSolution
		SolutionGuid = {25C6EC46-CB44-4560-AFA0-B718239E9853}
	EndGlobalSection
EndGlobal
